
Microsoft Visual Studio Solution File, Format Version 12.00
# Visual Studio Version 17
VisualStudioVersion = 17.6.33801.468
MinimumVisualStudioVersion = 10.0.40219.1
Project("{FAE04EC0-301F-11D3-BF4B-00C04F79EFBC}") = "BatterySystemClient", "BatterySystemClient\BatterySystemClient.csproj", "{F5C34A00-F491-4801-8E8D-17376C09B5B7}"
EndProject
Global
	GlobalSection(SolutionConfigurationPlatforms) = preSolution
		Debug|Any CPU = Debug|Any CPU
		Release|Any CPU = Release|Any CPU
	EndGlobalSection
	GlobalSection(ProjectConfigurationPlatforms) = postSolution
		{F5C34A00-F491-4801-8E8D-17376C09B5B7}.Debug|Any CPU.ActiveCfg = Debug|Any CPU
		{F5C34A00-F491-4801-8E8D-17376C09B5B7}.Debug|Any CPU.Build.0 = Debug|Any CPU
		{F5C34A00-F491-4801-8E8D-17376C09B5B7}.Release|Any CPU.ActiveCfg = Release|Any CPU
		{F5C34A00-F491-4801-8E8D-17376C09B5B7}.Release|Any CPU.Build.0 = Release|Any CPU
	EndGlobalSection
	GlobalSection(SolutionProperties) = preSolution
		HideSolutionNode = FALSE
	EndGlobalSection
	GlobalSection(ExtensibilityGlobals) = postSolution
		SolutionGuid = {5BE8189A-6CF9-496D-9F7D-2C926284EF6A}
	EndGlobalSection
EndGlobal
